{
  "name": "dns-caa",
  "version": "1.1.1",
  "lockfileVersion": 1,
  "requires": true,
  "dependencies": {
    "bluebird": {
      "version": "3.5.1",
      "resolved": "https://registry.npmjs.org/bluebird/-/bluebird-3.5.1.tgz",
      "integrity": "sha512-MKiLiV+I1AA596t9w1sQJ8jkiSr5+ZKi0WKrYGUn6d1Fx+Ij4tIj+m2WMQSGczs5jZVxV339chE8iwk6F64wjA=="
    },
    "dns-packet": {
      "version": "4.2.0",
      "resolved": "https://registry.npmjs.org/dns-packet/-/dns-packet-4.2.0.tgz",
      "integrity": "sha512-bn1AKpfkFbm0MIioOMHZ5qJzl2uypdBwI4nYNsqvhjsegBhcKJUlCrMPWLx6JEezRjxZmxhtIz/FkBEur2l8Cw==",
      "requires": {
        "ip": "1.1.5",
        "safe-buffer": "5.1.1"
      }
    },
    "dns-socket": {
      "version": "3.0.0",
      "resolved": "https://registry.npmjs.org/dns-socket/-/dns-socket-3.0.0.tgz",
      "integrity": "sha512-M0WkByoJ/mTm+HtwBQLsRJPe5uGIC/lYVOp+s6ZzhbZ5iq4GxjFyxYPQhB85dgCLvVb43aJQXHDC9aUgyKGc/Q==",
      "requires": {
        "dns-packet": "4.2.0"
      }
    },
    "ip": {
      "version": "1.1.5",
      "resolved": "https://registry.npmjs.org/ip/-/ip-1.1.5.tgz",
      "integrity": "sha1-vd7XARQpCCjAoDnnLvJfWq7ENUo="
    },
    "safe-buffer": {
      "version": "5.1.1",
      "resolved": "https://registry.npmjs.org/safe-buffer/-/safe-buffer-5.1.1.tgz",
      "integrity": "sha512-kKvNJn6Mm93gAczWVJg7wH+wGYWNrDHdWvpUmHyEsgCtIwwo3bqPtV4tR5tuPaUhTOo/kvhVwd8XwwOllGYkbg=="
    }
  }
}
